
Microsoft Visual Studio Solution File, Format Version 12.00
# Visual Studio 15
VisualStudioVersion = 15.0.28307.852
MinimumVisualStudioVersion = 10.0.40219.1
Project("{FAE04EC0-301F-11D3-BF4B-00C04F79EFBC}") = "Login Application", "Login Application\Login Application.csproj", "{67648A29-7408-4E2B-81AF-247E50B72850}"
EndProject
Global
	GlobalSection(SolutionConfigurationPlatforms) = preSolution
		Debug|Any CPU = Debug|Any CPU
		Release|Any CPU = Release|Any CPU
	EndGlobalSection
	GlobalSection(ProjectConfigurationPlatforms) = postSolution
		{67648A29-7408-4E2B-81AF-247E50B72850}.Debug|Any CPU.ActiveCfg = Debug|Any CPU
		{67648A29-7408-4E2B-81AF-247E50B72850}.Debug|Any CPU.Build.0 = Debug|Any CPU
		{67648A29-7408-4E2B-81AF-247E50B72850}.Release|Any CPU.ActiveCfg = Release|Any CPU
		{67648A29-7408-4E2B-81AF-247E50B72850}.Release|Any CPU.Build.0 = Release|Any CPU
	EndGlobalSection
	GlobalSection(SolutionProperties) = preSolution
		HideSolutionNode = FALSE
	EndGlobalSection
	GlobalSection(ExtensibilityGlobals) = postSolution
		SolutionGuid = {EB85E6F8-1D48-4573-A9B9-7E4254FF8C23}
	EndGlobalSection
EndGlobal
